
Microsoft Visual Studio Solution File, Format Version 12.00
# Visual Studio 15
VisualStudioVersion = 15.0.27428.1
MinimumVisualStudioVersion = 10.0.40219.1
Project("{2150E333-8FDC-42A3-9474-1A3956D46DE8}") = "test", "test", "{CDC868AF-A53E-4820-8B1E-5223D61532BF}"
EndProject
Project("{9A19103F-16F7-4668-BE54-9A1E7A4F7556}") = "IntegrationTests", "test\IntegrationTests\IntegrationTests.csproj", "{5C59A849-6FAA-44A8-8779-3F420C41640A}"
EndProject
Project("{9A19103F-16F7-4668-BE54-9A1E7A4F7556}") = "UnitTests", "test\UnitTests\UnitTests.csproj", "{388C9059-F1B5-42FB-BB1D-9BCA61AAC1C2}"
EndProject
Project("{2150E333-8FDC-42A3-9474-1A3956D46DE8}") = "Solution Items", "Solution Items", "{A6F2127A-392D-4691-A3FE-BFF381BD435D}"
	ProjectSection(SolutionItems) = preProject
		README.md = README.md
	EndProjectSection
EndProject
Project("{9A19103F-16F7-4668-BE54-9A1E7A4F7556}") = "NoteTakingApp.API", "src\NoteTakingApp.API\NoteTakingApp.API.csproj", "{A9F9259E-A7B3-467A-A8A9-24BEE95F5A81}"
EndProject
Project("{9A19103F-16F7-4668-BE54-9A1E7A4F7556}") = "NoteTakingApp.Core", "src\NoteTakingApp.Core\NoteTakingApp.Core.csproj", "{89D3D6A0-7BD0-4AEF-9F87-E06CF189FB6C}"
EndProject
Project("{9A19103F-16F7-4668-BE54-9A1E7A4F7556}") = "NoteTakingApp.Infrastructure", "src\NoteTakingApp.Infrastructure\NoteTakingApp.Infrastructure.csproj", "{2A228791-A133-4BE6-B0EA-CB68581E7BF4}"
EndProject
Project("{9A19103F-16F7-4668-BE54-9A1E7A4F7556}") = "NoteTakingApp.SPA", "src\NoteTakingApp.SPA\NoteTakingApp.SPA.csproj", "{C112BD86-7911-41E5-BE90-AF60444A213E}"
EndProject
Global
	GlobalSection(SolutionConfigurationPlatforms) = preSolution
		Debug|Any CPU = Debug|Any CPU
		Release|Any CPU = Release|Any CPU
	EndGlobalSection
	GlobalSection(ProjectConfigurationPlatforms) = postSolution
		{5C59A849-6FAA-44A8-8779-3F420C41640A}.Debug|Any CPU.ActiveCfg = Debug|Any CPU
		{5C59A849-6FAA-44A8-8779-3F420C41640A}.Debug|Any CPU.Build.0 = Debug|Any CPU
		{5C59A849-6FAA-44A8-8779-3F420C41640A}.Release|Any CPU.ActiveCfg = Release|Any CPU
		{5C59A849-6FAA-44A8-8779-3F420C41640A}.Release|Any CPU.Build.0 = Release|Any CPU
		{388C9059-F1B5-42FB-BB1D-9BCA61AAC1C2}.Debug|Any CPU.ActiveCfg = Debug|Any CPU
		{388C9059-F1B5-42FB-BB1D-9BCA61AAC1C2}.Debug|Any CPU.Build.0 = Debug|Any CPU
		{388C9059-F1B5-42FB-BB1D-9BCA61AAC1C2}.Release|Any CPU.ActiveCfg = Release|Any CPU
		{388C9059-F1B5-42FB-BB1D-9BCA61AAC1C2}.Release|Any CPU.Build.0 = Release|Any CPU
		{A9F9259E-A7B3-467A-A8A9-24BEE95F5A81}.Debug|Any CPU.ActiveCfg = Debug|Any CPU
		{A9F9259E-A7B3-467A-A8A9-24BEE95F5A81}.Debug|Any CPU.Build.0 = Debug|Any CPU
		{A9F9259E-A7B3-467A-A8A9-24BEE95F5A81}.Release|Any CPU.ActiveCfg = Release|Any CPU
		{A9F9259E-A7B3-467A-A8A9-24BEE95F5A81}.Release|Any CPU.Build.0 = Release|Any CPU
		{89D3D6A0-7BD0-4AEF-9F87-E06CF189FB6C}.Debug|Any CPU.ActiveCfg = Debug|Any CPU
		{89D3D6A0-7BD0-4AEF-9F87-E06CF189FB6C}.Debug|Any CPU.Build.0 = Debug|Any CPU
		{89D3D6A0-7BD0-4AEF-9F87-E06CF189FB6C}.Release|Any CPU.ActiveCfg = Release|Any CPU
		{89D3D6A0-7BD0-4AEF-9F87-E06CF189FB6C}.Release|Any CPU.Build.0 = Release|Any CPU
		{2A228791-A133-4BE6-B0EA-CB68581E7BF4}.Debug|Any CPU.ActiveCfg = Debug|Any CPU
		{2A228791-A133-4BE6-B0EA-CB68581E7BF4}.Debug|Any CPU.Build.0 = Debug|Any CPU
		{2A228791-A133-4BE6-B0EA-CB68581E7BF4}.Release|Any CPU.ActiveCfg = Release|Any CPU
		{2A228791-A133-4BE6-B0EA-CB68581E7BF4}.Release|Any CPU.Build.0 = Release|Any CPU
		{C112BD86-7911-41E5-BE90-AF60444A213E}.Debug|Any CPU.ActiveCfg = Debug|Any CPU
		{C112BD86-7911-41E5-BE90-AF60444A213E}.Debug|Any CPU.Build.0 = Debug|Any CPU
		{C112BD86-7911-41E5-BE90-AF60444A213E}.Release|Any CPU.ActiveCfg = Release|Any CPU
		{C112BD86-7911-41E5-BE90-AF60444A213E}.Release|Any CPU.Build.0 = Release|Any CPU
	EndGlobalSection
	GlobalSection(SolutionProperties) = preSolution
		HideSolutionNode = FALSE
	EndGlobalSection
	GlobalSection(NestedProjects) = preSolution
		{5C59A849-6FAA-44A8-8779-3F420C41640A} = {CDC868AF-A53E-4820-8B1E-5223D61532BF}
		{388C9059-F1B5-42FB-BB1D-9BCA61AAC1C2} = {CDC868AF-A53E-4820-8B1E-5223D61532BF}
	EndGlobalSection
	GlobalSection(ExtensibilityGlobals) = postSolution
		SolutionGuid = {D80DB4B0-7BFE-4AF3-B499-EC4FEFAC34C2}
	EndGlobalSection
EndGlobal
